PODS:
  - BUKTextLengthLimitTextField (0.1.1)

DEPENDENCIES:
  - BUKTextLengthLimitTextField (from `../`)

EXTERNAL SOURCES:
  BUKTextLengthLimitTextField:
    :path: ../

SPEC CHECKSUMS:
  BUKTextLengthLimitTextField: d9d977ce5ea1165416cbcda27207abcaccf9e819

PODFILE CHECKSUM: 2c059bf78956196e5c8396eb779aaa163952356a

COCOAPODS: 1.0.1
